
Microsoft Visual Studio Solution File, Format Version 12.00
# Visual Studio Version 17
VisualStudioVersion = 17.3.32811.315
MinimumVisualStudioVersion = 10.0.40219.1
Project("{FAE04EC0-301F-11D3-BF4B-00C04F79EFBC}") = "AsemblyTest", "AsemblyTest\AsemblyTest.csproj", "{3251447D-0B20-43AC-9A10-E419B783538A}"
EndProject
Project("{FAE04EC0-301F-11D3-BF4B-00C04F79EFBC}") = "AssemblyLib", "AssemblyLib\AssemblyLib.csproj", "{80398AD9-C0EA-4038-BB57-6322E1A03BB0}"
EndProject
Global
	GlobalSection(SolutionConfigurationPlatforms) = preSolution
		Debug|Any CPU = Debug|Any CPU
		Release|Any CPU = Release|Any CPU
	EndGlobalSection
	GlobalSection(ProjectConfigurationPlatforms) = postSolution
		{3251447D-0B20-43AC-9A10-E419B783538A}.Debug|Any CPU.ActiveCfg = Debug|Any CPU
		{3251447D-0B20-43AC-9A10-E419B783538A}.Debug|Any CPU.Build.0 = Debug|Any CPU
		{3251447D-0B20-43AC-9A10-E419B783538A}.Release|Any CPU.ActiveCfg = Release|Any CPU
		{3251447D-0B20-43AC-9A10-E419B783538A}.Release|Any CPU.Build.0 = Release|Any CPU
		{80398AD9-C0EA-4038-BB57-6322E1A03BB0}.Debug|Any CPU.ActiveCfg = Debug|Any CPU
		{80398AD9-C0EA-4038-BB57-6322E1A03BB0}.Debug|Any CPU.Build.0 = Debug|Any CPU
		{80398AD9-C0EA-4038-BB57-6322E1A03BB0}.Release|Any CPU.ActiveCfg = Release|Any CPU
		{80398AD9-C0EA-4038-BB57-6322E1A03BB0}.Release|Any CPU.Build.0 = Release|Any CPU
	EndGlobalSection
	GlobalSection(SolutionProperties) = preSolution
		HideSolutionNode = FALSE
	EndGlobalSection
	GlobalSection(ExtensibilityGlobals) = postSolution
		SolutionGuid = {C98D1EA1-6512-463A-8340-C0D6E935B005}
	EndGlobalSection
EndGlobal
